
Microsoft Visual Studio Solution File, Format Version 12.00
# Visual Studio Version 17
VisualStudioVersion = 17.1.32210.238
MinimumVisualStudioVersion = 10.0.40219.1
Project("{2150E333-8FDC-42A3-9474-1A3956D46DE8}") = "Src", "Src", "{C2BF86FA-6C72-49BD-9D05-E2550B6C00E6}"
EndProject
Project("{2150E333-8FDC-42A3-9474-1A3956D46DE8}") = "Tests", "Tests", "{5381D5A0-8C46-4A2C-AB0D-8AED5270CDF0}"
EndProject
Project("{2150E333-8FDC-42A3-9474-1A3956D46DE8}") = "Api", "Api", "{67851BAF-B289-4087-B6A2-9991666908C1}"
EndProject
Project("{2150E333-8FDC-42A3-9474-1A3956D46DE8}") = "Core", "Core", "{B9665A8F-BBC6-4A69-87A5-36D3E7F1989D}"
EndProject
Project("{2150E333-8FDC-42A3-9474-1A3956D46DE8}") = "Infrastructure", "Infrastructure", "{6359D8C9-845D-4CA4-B182-153B6741044F}"
EndProject
Project("{2150E333-8FDC-42A3-9474-1A3956D46DE8}") = "UI", "UI", "{23334670-F428-4A8E-82AC-A1CFF4705DEA}"
EndProject
Project("{9A19103F-16F7-4668-BE54-9A1E7A4F7556}") = "PracticeDDD.Domain", "PracticeDDD.Domain\PracticeDDD.Domain.csproj", "{50752E99-40E4-4D4C-94E6-6FC57A4A024C}"
EndProject
Project("{9A19103F-16F7-4668-BE54-9A1E7A4F7556}") = "PracticeDDD.Application", "PracticeDDD.Application\PracticeDDD.Application.csproj", "{178A8D19-0237-4EF7-BA5F-D7203AFC45C8}"
EndProject
Project("{9A19103F-16F7-4668-BE54-9A1E7A4F7556}") = "PracticeDDD.Infracstructure", "PracticeDDD.Infracstructure\PracticeDDD.Infracstructure.csproj", "{7057690B-6AC8-401A-9564-5BEB0C306259}"
EndProject
Project("{9A19103F-16F7-4668-BE54-9A1E7A4F7556}") = "PracticeDDD.Persistence", "PracticeDDD.Persistence\PracticeDDD.Persistence.csproj", "{D754ACD9-2F31-49D2-BE0C-F8CFA2D4453F}"
EndProject
Project("{FAE04EC0-301F-11D3-BF4B-00C04F79EFBC}") = "PracticeDDD.Api", "PracticeDDD.Api\PracticeDDD.Api.csproj", "{E9C45EA2-5D3A-42C9-9AE5-1C101D43BD60}"
EndProject
Global
	GlobalSection(SolutionConfigurationPlatforms) = preSolution
		Debug|Any CPU = Debug|Any CPU
		Release|Any CPU = Release|Any CPU
	EndGlobalSection
	GlobalSection(ProjectConfigurationPlatforms) = postSolution
		{50752E99-40E4-4D4C-94E6-6FC57A4A024C}.Debug|Any CPU.ActiveCfg = Debug|Any CPU
		{50752E99-40E4-4D4C-94E6-6FC57A4A024C}.Debug|Any CPU.Build.0 = Debug|Any CPU
		{50752E99-40E4-4D4C-94E6-6FC57A4A024C}.Release|Any CPU.ActiveCfg = Release|Any CPU
		{50752E99-40E4-4D4C-94E6-6FC57A4A024C}.Release|Any CPU.Build.0 = Release|Any CPU
		{178A8D19-0237-4EF7-BA5F-D7203AFC45C8}.Debug|Any CPU.ActiveCfg = Debug|Any CPU
		{178A8D19-0237-4EF7-BA5F-D7203AFC45C8}.Debug|Any CPU.Build.0 = Debug|Any CPU
		{178A8D19-0237-4EF7-BA5F-D7203AFC45C8}.Release|Any CPU.ActiveCfg = Release|Any CPU
		{178A8D19-0237-4EF7-BA5F-D7203AFC45C8}.Release|Any CPU.Build.0 = Release|Any CPU
		{7057690B-6AC8-401A-9564-5BEB0C306259}.Debug|Any CPU.ActiveCfg = Debug|Any CPU
		{7057690B-6AC8-401A-9564-5BEB0C306259}.Debug|Any CPU.Build.0 = Debug|Any CPU
		{7057690B-6AC8-401A-9564-5BEB0C306259}.Release|Any CPU.ActiveCfg = Release|Any CPU
		{7057690B-6AC8-401A-9564-5BEB0C306259}.Release|Any CPU.Build.0 = Release|Any CPU
		{D754ACD9-2F31-49D2-BE0C-F8CFA2D4453F}.Debug|Any CPU.ActiveCfg = Debug|Any CPU
		{D754ACD9-2F31-49D2-BE0C-F8CFA2D4453F}.Debug|Any CPU.Build.0 = Debug|Any CPU
		{D754ACD9-2F31-49D2-BE0C-F8CFA2D4453F}.Release|Any CPU.ActiveCfg = Release|Any CPU
		{D754ACD9-2F31-49D2-BE0C-F8CFA2D4453F}.Release|Any CPU.Build.0 = Release|Any CPU
		{E9C45EA2-5D3A-42C9-9AE5-1C101D43BD60}.Debug|Any CPU.ActiveCfg = Debug|Any CPU
		{E9C45EA2-5D3A-42C9-9AE5-1C101D43BD60}.Debug|Any CPU.Build.0 = Debug|Any CPU
		{E9C45EA2-5D3A-42C9-9AE5-1C101D43BD60}.Release|Any CPU.ActiveCfg = Release|Any CPU
		{E9C45EA2-5D3A-42C9-9AE5-1C101D43BD60}.Release|Any CPU.Build.0 = Release|Any CPU
	EndGlobalSection
	GlobalSection(SolutionProperties) = preSolution
		HideSolutionNode = FALSE
	EndGlobalSection
	GlobalSection(NestedProjects) = preSolution
		{67851BAF-B289-4087-B6A2-9991666908C1} = {C2BF86FA-6C72-49BD-9D05-E2550B6C00E6}
		{B9665A8F-BBC6-4A69-87A5-36D3E7F1989D} = {C2BF86FA-6C72-49BD-9D05-E2550B6C00E6}
		{6359D8C9-845D-4CA4-B182-153B6741044F} = {C2BF86FA-6C72-49BD-9D05-E2550B6C00E6}
		{23334670-F428-4A8E-82AC-A1CFF4705DEA} = {C2BF86FA-6C72-49BD-9D05-E2550B6C00E6}
		{50752E99-40E4-4D4C-94E6-6FC57A4A024C} = {B9665A8F-BBC6-4A69-87A5-36D3E7F1989D}
		{178A8D19-0237-4EF7-BA5F-D7203AFC45C8} = {B9665A8F-BBC6-4A69-87A5-36D3E7F1989D}
		{7057690B-6AC8-401A-9564-5BEB0C306259} = {6359D8C9-845D-4CA4-B182-153B6741044F}
		{D754ACD9-2F31-49D2-BE0C-F8CFA2D4453F} = {6359D8C9-845D-4CA4-B182-153B6741044F}
		{E9C45EA2-5D3A-42C9-9AE5-1C101D43BD60} = {67851BAF-B289-4087-B6A2-9991666908C1}
	EndGlobalSection
	GlobalSection(ExtensibilityGlobals) = postSolution
		SolutionGuid = {09874FCD-BA72-45D9-BC67-06FEA948DF03}
	EndGlobalSection
EndGlobal
